
Microsoft Visual Studio Solution File, Format Version 12.00
# Visual Studio Version 16
VisualStudioVersion = 16.0.31005.135
MinimumVisualStudioVersion = 10.0.40219.1
Project("{FAE04EC0-301F-11D3-BF4B-00C04F79EFBC}") = "Assignment_10", "Assignment_10\Assignment_10.csproj", "{5D204408-97C4-449F-BBB1-584644457561}"
EndProject
Global
	GlobalSection(SolutionConfigurationPlatforms) = preSolution
		Debug|Any CPU = Debug|Any CPU
		Release|Any CPU = Release|Any CPU
	EndGlobalSection
	GlobalSection(ProjectConfigurationPlatforms) = postSolution
		{5D204408-97C4-449F-BBB1-584644457561}.Debug|Any CPU.ActiveCfg = Debug|Any CPU
		{5D204408-97C4-449F-BBB1-584644457561}.Debug|Any CPU.Build.0 = Debug|Any CPU
		{5D204408-97C4-449F-BBB1-584644457561}.Release|Any CPU.ActiveCfg = Release|Any CPU
		{5D204408-97C4-449F-BBB1-584644457561}.Release|Any CPU.Build.0 = Release|Any CPU
	EndGlobalSection
	GlobalSection(SolutionProperties) = preSolution
		HideSolutionNode = FALSE
	EndGlobalSection
	GlobalSection(ExtensibilityGlobals) = postSolution
		SolutionGuid = {712A4DBD-D344-4B5C-8A6D-E2200EA4035F}
	EndGlobalSection
EndGlobal
